
Microsoft Visual Studio Solution File, Format Version 12.00
# Visual Studio Version 16
VisualStudioVersion = 16.0.30309.148
MinimumVisualStudioVersion = 10.0.40219.1
Project("{FAE04EC0-301F-11D3-BF4B-00C04F79EFBC}") = "SyllabusZipSort", "SyllabusZipSort\SyllabusZipSort.csproj", "{5C854CC3-05A4-4267-8598-D995A2AFECFF}"
EndProject
Global
	GlobalSection(SolutionConfigurationPlatforms) = preSolution
		Debug|Any CPU = Debug|Any CPU
		Release|Any CPU = Release|Any CPU
	EndGlobalSection
	GlobalSection(ProjectConfigurationPlatforms) = postSolution
		{5C854CC3-05A4-4267-8598-D995A2AFECFF}.Debug|Any CPU.ActiveCfg = Debug|Any CPU
		{5C854CC3-05A4-4267-8598-D995A2AFECFF}.Debug|Any CPU.Build.0 = Debug|Any CPU
		{5C854CC3-05A4-4267-8598-D995A2AFECFF}.Release|Any CPU.ActiveCfg = Release|Any CPU
		{5C854CC3-05A4-4267-8598-D995A2AFECFF}.Release|Any CPU.Build.0 = Release|Any CPU
	EndGlobalSection
	GlobalSection(SolutionProperties) = preSolution
		HideSolutionNode = FALSE
	EndGlobalSection
	GlobalSection(ExtensibilityGlobals) = postSolution
		SolutionGuid = {61C4E26E-CC2F-4E78-BB71-5B720F78E7CE}
	EndGlobalSection
EndGlobal
