
Microsoft Visual Studio Solution File, Format Version 12.00
# Visual Studio Version 16
VisualStudioVersion = 16.0.30309.148
MinimumVisualStudioVersion = 10.0.40219.1
Project("{9A19103F-16F7-4668-BE54-9A1E7A4F7556}") = "SyllabusZip_Analyze", "SyllabusZip_Analyze\SyllabusZip_Analyze.csproj", "{B26162A7-8B5A-4BA1-BADF-31F73A04C10F}"
EndProject
Project("{9A19103F-16F7-4668-BE54-9A1E7A4F7556}") = "FunctionApp1", "FunctionApp1\FunctionApp1.csproj", "{BD23848C-54E2-4E10-910C-AFD27D9AB7FA}"
EndProject
Global
	GlobalSection(SolutionConfigurationPlatforms) = preSolution
		Debug|Any CPU = Debug|Any CPU
		Release|Any CPU = Release|Any CPU
	EndGlobalSection
	GlobalSection(ProjectConfigurationPlatforms) = postSolution
		{B26162A7-8B5A-4BA1-BADF-31F73A04C10F}.Debug|Any CPU.ActiveCfg = Debug|Any CPU
		{B26162A7-8B5A-4BA1-BADF-31F73A04C10F}.Debug|Any CPU.Build.0 = Debug|Any CPU
		{B26162A7-8B5A-4BA1-BADF-31F73A04C10F}.Release|Any CPU.ActiveCfg = Release|Any CPU
		{B26162A7-8B5A-4BA1-BADF-31F73A04C10F}.Release|Any CPU.Build.0 = Release|Any CPU
		{BD23848C-54E2-4E10-910C-AFD27D9AB7FA}.Debug|Any CPU.ActiveCfg = Debug|Any CPU
		{BD23848C-54E2-4E10-910C-AFD27D9AB7FA}.Debug|Any CPU.Build.0 = Debug|Any CPU
		{BD23848C-54E2-4E10-910C-AFD27D9AB7FA}.Release|Any CPU.ActiveCfg = Release|Any CPU
		{BD23848C-54E2-4E10-910C-AFD27D9AB7FA}.Release|Any CPU.Build.0 = Release|Any CPU
	EndGlobalSection
	GlobalSection(SolutionProperties) = preSolution
		HideSolutionNode = FALSE
	EndGlobalSection
	GlobalSection(ExtensibilityGlobals) = postSolution
		SolutionGuid = {DC05A995-BCA9-47F4-90E5-BBC5E03FFAEF}
	EndGlobalSection
EndGlobal
